{
  "version": 4,
  "terraform_version": "1.9.4",
  "serial": 153,
  "lineage": "8da3d799-bb17-28cc-56b7-3b88a14ac307",
  "outputs": {
    "instance_ip": {
      "value": "3.144.109.179",
      "type": "string"
    }
  },
  "resources": [
    {
      "mode": "managed",
      "type": "aws_eip",
      "name": "ip-test-env",
      "provider": "provider[\"registry.terraform.io/hashicorp/aws\"]",
      "instances": [
        {
          "index_key": 0,
          "schema_version": 0,
          "attributes": {
            "address": null,
            "allocation_id": "eipalloc-0ef9b79554e5c31ea",
            "arn": "arn:aws:ec2:us-east-2:017820688251:elastic-ip/eipalloc-0ef9b79554e5c31ea",
            "associate_with_private_ip": null,
            "association_id": "eipassoc-066e6161455d7b330",
            "carrier_ip": "",
            "customer_owned_ip": "",
            "customer_owned_ipv4_pool": "",
            "domain": "vpc",
            "id": "eipalloc-0ef9b79554e5c31ea",
            "instance": "i-0aa273b6f046be2f4",
            "network_border_group": "us-east-2",
            "network_interface": "eni-08247f867fff35d05",
            "private_dns": "ip-10-0-55-111.us-east-2.compute.internal",
            "private_ip": "10.0.55.111",
            "ptr_record": "",
            "public_dns": "ec2-3-131-24-116.us-east-2.compute.amazonaws.com",
            "public_ip": "3.131.24.116",
            "public_ipv4_pool": "amazon",
            "tags": null,
            "tags_all": {},
            "timeouts": null,
            "vpc": true
          },
          "sensitive_attributes": [],
          "private": "eyJlMmJmYjczMC1lY2FhLTExZTYtOGY4OC0zNDM2M2JjN2M0YzAiOnsiZGVsZXRlIjoxODAwMDAwMDAwMDAsInJlYWQiOjkwMDAwMDAwMDAwMCwidXBkYXRlIjozMDAwMDAwMDAwMDB9fQ==",
          "dependencies": [
            "aws_instance.terraform_project",
            "aws_key_pair.ssh_tf_key_pair",
            "aws_security_group.ingress-all-test",
            "aws_subnet.subnet-uno",
            "aws_vpc.test-env",
            "tls_private_key.rsa_4096"
          ]
        },
        {
          "index_key": 1,
          "schema_version": 0,
          "attributes": {
            "address": null,
            "allocation_id": "eipalloc-04844b6a5db468c0f",
            "arn": "arn:aws:ec2:us-east-2:017820688251:elastic-ip/eipalloc-04844b6a5db468c0f",
            "associate_with_private_ip": null,
            "association_id": "eipassoc-05c56999a21b7b928",
            "carrier_ip": "",
            "customer_owned_ip": "",
            "customer_owned_ipv4_pool": "",
            "domain": "vpc",
            "id": "eipalloc-04844b6a5db468c0f",
            "instance": "i-0661c170fe405c41b",
            "network_border_group": "us-east-2",
            "network_interface": "eni-0eb0f9a3ba824c19e",
            "private_dns": "ip-10-0-49-67.us-east-2.compute.internal",
            "private_ip": "10.0.49.67",
            "ptr_record": "",
            "public_dns": "ec2-3-128-46-120.us-east-2.compute.amazonaws.com",
            "public_ip": "3.128.46.120",
            "public_ipv4_pool": "amazon",
            "tags": null,
            "tags_all": {},
            "timeouts": null,
            "vpc": true
          },
          "sensitive_attributes": [],
          "private": "eyJlMmJmYjczMC1lY2FhLTExZTYtOGY4OC0zNDM2M2JjN2M0YzAiOnsiZGVsZXRlIjoxODAwMDAwMDAwMDAsInJlYWQiOjkwMDAwMDAwMDAwMCwidXBkYXRlIjozMDAwMDAwMDAwMDB9fQ==",
          "dependencies": [
            "aws_instance.terraform_project",
            "aws_key_pair.ssh_tf_key_pair",
            "aws_security_group.ingress-all-test",
            "aws_subnet.subnet-uno",
            "aws_vpc.test-env",
            "tls_private_key.rsa_4096"
          ]
        },
        {
          "index_key": 2,
          "schema_version": 0,
          "attributes": {
            "address": null,
            "allocation_id": "eipalloc-0b7c764a00c9e989e",
            "arn": "arn:aws:ec2:us-east-2:017820688251:elastic-ip/eipalloc-0b7c764a00c9e989e",
            "associate_with_private_ip": null,
            "association_id": "eipassoc-03f3fca570091edf2",
            "carrier_ip": "",
            "customer_owned_ip": "",
            "customer_owned_ipv4_pool": "",
            "domain": "vpc",
            "id": "eipalloc-0b7c764a00c9e989e",
            "instance": "i-0c8d83f19cb4bca79",
            "network_border_group": "us-east-2",
            "network_interface": "eni-0f46688fc9a1c9059",
            "private_dns": "ip-10-0-32-132.us-east-2.compute.internal",
            "private_ip": "10.0.32.132",
            "ptr_record": "",
            "public_dns": "ec2-13-59-175-18.us-east-2.compute.amazonaws.com",
            "public_ip": "13.59.175.18",
            "public_ipv4_pool": "amazon",
            "tags": null,
            "tags_all": {},
            "timeouts": null,
            "vpc": true
          },
          "sensitive_attributes": [],
          "private": "eyJlMmJmYjczMC1lY2FhLTExZTYtOGY4OC0zNDM2M2JjN2M0YzAiOnsiZGVsZXRlIjoxODAwMDAwMDAwMDAsInJlYWQiOjkwMDAwMDAwMDAwMCwidXBkYXRlIjozMDAwMDAwMDAwMDB9fQ==",
          "dependencies": [
            "aws_instance.terraform_project",
            "aws_key_pair.ssh_tf_key_pair",
            "aws_security_group.ingress-all-test",
            "aws_subnet.subnet-uno",
            "aws_vpc.test-env",
            "tls_private_key.rsa_4096"
          ]
        }
      ]
    },
    {
      "mode": "managed",
      "type": "aws_instance",
      "name": "terraform_project",
      "provider": "provider[\"registry.terraform.io/hashicorp/aws\"]",
      "instances": [
        {
          "index_key": 0,
          "schema_version": 1,
          "attributes": {
            "ami": "ami-0aa8fc2422063977a",
            "arn": "arn:aws:ec2:us-east-2:017820688251:instance/i-0aa273b6f046be2f4",
            "associate_public_ip_address": true,
            "availability_zone": "us-east-2a",
            "capacity_reservation_specification": [
              {
                "capacity_reservation_preference": "open",
                "capacity_reservation_target": []
              }
            ],
            "cpu_core_count": 1,
            "cpu_options": [
              {
                "amd_sev_snp": "",
                "core_count": 1,
                "threads_per_core": 1
              }
            ],
            "cpu_threads_per_core": 1,
            "credit_specification": [
              {
                "cpu_credits": "standard"
              }
            ],
            "disable_api_stop": false,
            "disable_api_termination": false,
            "ebs_block_device": [],
            "ebs_optimized": false,
            "enclave_options": [
              {
                "enabled": false
              }
            ],
            "ephemeral_block_device": [],
            "get_password_data": false,
            "hibernation": false,
            "host_id": "",
            "host_resource_group_arn": null,
            "iam_instance_profile": "",
            "id": "i-0aa273b6f046be2f4",
            "instance_initiated_shutdown_behavior": "stop",
            "instance_lifecycle": "",
            "instance_market_options": [],
            "instance_state": "running",
            "instance_type": "t2.micro",
            "ipv6_address_count": 0,
            "ipv6_addresses": [],
            "key_name": "key_rhel_pem",
            "launch_template": [],
            "maintenance_options": [
              {
                "auto_recovery": "default"
              }
            ],
            "metadata_options": [
              {
                "http_endpoint": "enabled",
                "http_protocol_ipv6": "disabled",
                "http_put_response_hop_limit": 1,
                "http_tokens": "optional",
                "instance_metadata_tags": "disabled"
              }
            ],
            "monitoring": false,
            "network_interface": [],
            "outpost_arn": "",
            "password_data": "",
            "placement_group": "",
            "placement_partition_number": 0,
            "primary_network_interface_id": "eni-08247f867fff35d05",
            "private_dns": "ip-10-0-55-111.us-east-2.compute.internal",
            "private_dns_name_options": [
              {
                "enable_resource_name_dns_a_record": false,
                "enable_resource_name_dns_aaaa_record": false,
                "hostname_type": "ip-name"
              }
            ],
            "private_ip": "10.0.55.111",
            "public_dns": "ec2-3-144-109-179.us-east-2.compute.amazonaws.com",
            "public_ip": "3.144.109.179",
            "root_block_device": [
              {
                "delete_on_termination": true,
                "device_name": "/dev/sda1",
                "encrypted": false,
                "iops": 3000,
                "kms_key_id": "",
                "tags": {},
                "tags_all": {},
                "throughput": 125,
                "volume_id": "vol-0da80f353552d5971",
                "volume_size": 10,
                "volume_type": "gp3"
              }
            ],
            "secondary_private_ips": [],
            "security_groups": [
              "sg-0966bec62962be84f"
            ],
            "source_dest_check": true,
            "spot_instance_request_id": "",
            "subnet_id": "subnet-08e933936f8f6080d",
            "tags": {
              "Name": "k8s-[count.index]"
            },
            "tags_all": {
              "Name": "k8s-[count.index]"
            },
            "tenancy": "default",
            "timeouts": null,
            "user_data": null,
            "user_data_base64": null,
            "user_data_replace_on_change": false,
            "volume_tags": null,
            "vpc_security_group_ids": [
              "sg-0966bec62962be84f"
            ]
          },
          "sensitive_attributes": [],
          "private": "eyJlMmJmYjczMC1lY2FhLTExZTYtOGY4OC0zNDM2M2JjN2M0YzAiOnsiY3JlYXRlIjo2MDAwMDAwMDAwMDAsImRlbGV0ZSI6MTIwMDAwMDAwMDAwMCwicmVhZCI6OTAwMDAwMDAwMDAwLCJ1cGRhdGUiOjYwMDAwMDAwMDAwMH0sInNjaGVtYV92ZXJzaW9uIjoiMSJ9",
          "dependencies": [
            "aws_key_pair.ssh_tf_key_pair",
            "aws_security_group.ingress-all-test",
            "aws_subnet.subnet-uno",
            "aws_vpc.test-env",
            "tls_private_key.rsa_4096"
          ]
        },
        {
          "index_key": 1,
          "schema_version": 1,
          "attributes": {
            "ami": "ami-0aa8fc2422063977a",
            "arn": "arn:aws:ec2:us-east-2:017820688251:instance/i-0661c170fe405c41b",
            "associate_public_ip_address": true,
            "availability_zone": "us-east-2a",
            "capacity_reservation_specification": [
              {
                "capacity_reservation_preference": "open",
                "capacity_reservation_target": []
              }
            ],
            "cpu_core_count": 1,
            "cpu_options": [
              {
                "amd_sev_snp": "",
                "core_count": 1,
                "threads_per_core": 1
              }
            ],
            "cpu_threads_per_core": 1,
            "credit_specification": [
              {
                "cpu_credits": "standard"
              }
            ],
            "disable_api_stop": false,
            "disable_api_termination": false,
            "ebs_block_device": [],
            "ebs_optimized": false,
            "enclave_options": [
              {
                "enabled": false
              }
            ],
            "ephemeral_block_device": [],
            "get_password_data": false,
            "hibernation": false,
            "host_id": "",
            "host_resource_group_arn": null,
            "iam_instance_profile": "",
            "id": "i-0661c170fe405c41b",
            "instance_initiated_shutdown_behavior": "stop",
            "instance_lifecycle": "",
            "instance_market_options": [],
            "instance_state": "running",
            "instance_type": "t2.micro",
            "ipv6_address_count": 0,
            "ipv6_addresses": [],
            "key_name": "key_rhel_pem",
            "launch_template": [],
            "maintenance_options": [
              {
                "auto_recovery": "default"
              }
            ],
            "metadata_options": [
              {
                "http_endpoint": "enabled",
                "http_protocol_ipv6": "disabled",
                "http_put_response_hop_limit": 1,
                "http_tokens": "optional",
                "instance_metadata_tags": "disabled"
              }
            ],
            "monitoring": false,
            "network_interface": [],
            "outpost_arn": "",
            "password_data": "",
            "placement_group": "",
            "placement_partition_number": 0,
            "primary_network_interface_id": "eni-0eb0f9a3ba824c19e",
            "private_dns": "ip-10-0-49-67.us-east-2.compute.internal",
            "private_dns_name_options": [
              {
                "enable_resource_name_dns_a_record": false,
                "enable_resource_name_dns_aaaa_record": false,
                "hostname_type": "ip-name"
              }
            ],
            "private_ip": "10.0.49.67",
            "public_dns": "ec2-3-15-0-93.us-east-2.compute.amazonaws.com",
            "public_ip": "3.15.0.93",
            "root_block_device": [
              {
                "delete_on_termination": true,
                "device_name": "/dev/sda1",
                "encrypted": false,
                "iops": 3000,
                "kms_key_id": "",
                "tags": {},
                "tags_all": {},
                "throughput": 125,
                "volume_id": "vol-02caf1266c073c059",
                "volume_size": 10,
                "volume_type": "gp3"
              }
            ],
            "secondary_private_ips": [],
            "security_groups": [
              "sg-0966bec62962be84f"
            ],
            "source_dest_check": true,
            "spot_instance_request_id": "",
            "subnet_id": "subnet-08e933936f8f6080d",
            "tags": {
              "Name": "k8s-[count.index]"
            },
            "tags_all": {
              "Name": "k8s-[count.index]"
            },
            "tenancy": "default",
            "timeouts": null,
            "user_data": null,
            "user_data_base64": null,
            "user_data_replace_on_change": false,
            "volume_tags": null,
            "vpc_security_group_ids": [
              "sg-0966bec62962be84f"
            ]
          },
          "sensitive_attributes": [],
          "private": "eyJlMmJmYjczMC1lY2FhLTExZTYtOGY4OC0zNDM2M2JjN2M0YzAiOnsiY3JlYXRlIjo2MDAwMDAwMDAwMDAsImRlbGV0ZSI6MTIwMDAwMDAwMDAwMCwicmVhZCI6OTAwMDAwMDAwMDAwLCJ1cGRhdGUiOjYwMDAwMDAwMDAwMH0sInNjaGVtYV92ZXJzaW9uIjoiMSJ9",
          "dependencies": [
            "aws_key_pair.ssh_tf_key_pair",
            "aws_security_group.ingress-all-test",
            "aws_subnet.subnet-uno",
            "aws_vpc.test-env",
            "tls_private_key.rsa_4096"
          ]
        },
        {
          "index_key": 2,
          "schema_version": 1,
          "attributes": {
            "ami": "ami-0aa8fc2422063977a",
            "arn": "arn:aws:ec2:us-east-2:017820688251:instance/i-0c8d83f19cb4bca79",
            "associate_public_ip_address": true,
            "availability_zone": "us-east-2a",
            "capacity_reservation_specification": [
              {
                "capacity_reservation_preference": "open",
                "capacity_reservation_target": []
              }
            ],
            "cpu_core_count": 1,
            "cpu_options": [
              {
                "amd_sev_snp": "",
                "core_count": 1,
                "threads_per_core": 1
              }
            ],
            "cpu_threads_per_core": 1,
            "credit_specification": [
              {
                "cpu_credits": "standard"
              }
            ],
            "disable_api_stop": false,
            "disable_api_termination": false,
            "ebs_block_device": [],
            "ebs_optimized": false,
            "enclave_options": [
              {
                "enabled": false
              }
            ],
            "ephemeral_block_device": [],
            "get_password_data": false,
            "hibernation": false,
            "host_id": "",
            "host_resource_group_arn": null,
            "iam_instance_profile": "",
            "id": "i-0c8d83f19cb4bca79",
            "instance_initiated_shutdown_behavior": "stop",
            "instance_lifecycle": "",
            "instance_market_options": [],
            "instance_state": "running",
            "instance_type": "t2.micro",
            "ipv6_address_count": 0,
            "ipv6_addresses": [],
            "key_name": "key_rhel_pem",
            "launch_template": [],
            "maintenance_options": [
              {
                "auto_recovery": "default"
              }
            ],
            "metadata_options": [
              {
                "http_endpoint": "enabled",
                "http_protocol_ipv6": "disabled",
                "http_put_response_hop_limit": 1,
                "http_tokens": "optional",
                "instance_metadata_tags": "disabled"
              }
            ],
            "monitoring": false,
            "network_interface": [],
            "outpost_arn": "",
            "password_data": "",
            "placement_group": "",
            "placement_partition_number": 0,
            "primary_network_interface_id": "eni-0f46688fc9a1c9059",
            "private_dns": "ip-10-0-32-132.us-east-2.compute.internal",
            "private_dns_name_options": [
              {
                "enable_resource_name_dns_a_record": false,
                "enable_resource_name_dns_aaaa_record": false,
                "hostname_type": "ip-name"
              }
            ],
            "private_ip": "10.0.32.132",
            "public_dns": "ec2-18-118-144-252.us-east-2.compute.amazonaws.com",
            "public_ip": "18.118.144.252",
            "root_block_device": [
              {
                "delete_on_termination": true,
                "device_name": "/dev/sda1",
                "encrypted": false,
                "iops": 3000,
                "kms_key_id": "",
                "tags": {},
                "tags_all": {},
                "throughput": 125,
                "volume_id": "vol-0410b34ada3be7054",
                "volume_size": 10,
                "volume_type": "gp3"
              }
            ],
            "secondary_private_ips": [],
            "security_groups": [
              "sg-0966bec62962be84f"
            ],
            "source_dest_check": true,
            "spot_instance_request_id": "",
            "subnet_id": "subnet-08e933936f8f6080d",
            "tags": {
              "Name": "k8s-[count.index]"
            },
            "tags_all": {
              "Name": "k8s-[count.index]"
            },
            "tenancy": "default",
            "timeouts": null,
            "user_data": null,
            "user_data_base64": null,
            "user_data_replace_on_change": false,
            "volume_tags": null,
            "vpc_security_group_ids": [
              "sg-0966bec62962be84f"
            ]
          },
          "sensitive_attributes": [],
          "private": "eyJlMmJmYjczMC1lY2FhLTExZTYtOGY4OC0zNDM2M2JjN2M0YzAiOnsiY3JlYXRlIjo2MDAwMDAwMDAwMDAsImRlbGV0ZSI6MTIwMDAwMDAwMDAwMCwicmVhZCI6OTAwMDAwMDAwMDAwLCJ1cGRhdGUiOjYwMDAwMDAwMDAwMH0sInNjaGVtYV92ZXJzaW9uIjoiMSJ9",
          "dependencies": [
            "aws_key_pair.ssh_tf_key_pair",
            "aws_security_group.ingress-all-test",
            "aws_subnet.subnet-uno",
            "aws_vpc.test-env",
            "tls_private_key.rsa_4096"
          ]
        }
      ]
    },
    {
      "mode": "managed",
      "type": "aws_internet_gateway",
      "name": "test-env-gw",
      "provider": "provider[\"registry.terraform.io/hashicorp/aws\"]",
      "instances": [
        {
          "schema_version": 0,
          "attributes": {
            "arn": "arn:aws:ec2:us-east-2:017820688251:internet-gateway/igw-03f5cfbfe5a98621a",
            "id": "igw-03f5cfbfe5a98621a",
            "owner_id": "017820688251",
            "tags": {
              "Name": "test-env-gw"
            },
            "tags_all": {
              "Name": "test-env-gw"
            },
            "timeouts": null,
            "vpc_id": "vpc-0c612255937087366"
          },
          "sensitive_attributes": [],
          "private": "eyJlMmJmYjczMC1lY2FhLTExZTYtOGY4OC0zNDM2M2JjN2M0YzAiOnsiY3JlYXRlIjoxMjAwMDAwMDAwMDAwLCJkZWxldGUiOjEyMDAwMDAwMDAwMDAsInVwZGF0ZSI6MTIwMDAwMDAwMDAwMH19",
          "dependencies": [
            "aws_vpc.test-env"
          ]
        }
      ]
    },
    {
      "mode": "managed",
      "type": "aws_key_pair",
      "name": "ssh_tf_key_pair",
      "provider": "provider[\"registry.terraform.io/hashicorp/aws\"]",
      "instances": [
        {
          "schema_version": 1,
          "attributes": {
            "arn": "arn:aws:ec2:us-east-2:017820688251:key-pair/key_rhel_pem",
            "fingerprint": "1b:64:e6:21:bc:7d:8b:39:c0:b2:3b:2c:87:12:49:88",
            "id": "key_rhel_pem",
            "key_name": "key_rhel_pem",
            "key_name_prefix": "",
            "key_pair_id": "key-01eb7907a9a083cce",
            "key_type": "rsa",
            "public_key": "ssh-rsa AAAAB3NzaC1yc2EAAAADAQABAAACAQC/mA8LO98q0GZ2asHEWXVRkwNvEvQH8O/RbRe1BA1bBwek0wroJ5wW2T4zSdNK87O7UwKbuqVmTAnlYnMg3YKr5RYWoGdZPbIk6O2RbawqCqDXOnQUL4Z74vY3sFYWLXnYpVNgIttBmepcZnCC5q3BKAAkfJiTpJqvrzfdzFvHMJAJwdkadllNb+hJvjfSpSHcZiF1S7Pfk0V3Edt4hZwlK2423cj+EhYiboB+ey4yjeuyhKfIpFcd/pUpAFgMjAXUaLdl58anysVyonHHhvPxSpx8NrZpB8xjomdNKiqRuYP+0rRS0COU+6LryBEmqAhpJ9f44FNA/89qIWTa9a+9Yn+e/7S8qjSTjF2xOQhjCPT2cjsKKWdEMo9kMHpknzHmO5dt8Oz5+xvoifOyuXxc706gzceibAvBT4zy45iB12kZPOPnHSYoSALfEmt/aBBYecO2ACupoXGkV1wYlJvCJ6Q5gPyowa0K3HZHPWkUZM4Qo4CUnYBVaZTiBw9frwiQSSUY1Gd0DjiuKTCX6yFDGrqoyuivM+1DqgzVw5QbUKJpiUufVpd2JznFx7sypO7DO9VK2wGdYXwKQNHvE2xQrszuFMfeeBbogkor5qEH4iDYtgv1zcc36O2//MpH+NLdbDhL4JzCpOeM1AdGJylldlhz/3VCeGMA05GsQIhnOw==",
            "tags": null,
            "tags_all": {}
          },
          "sensitive_attributes": [],
          "private": "eyJzY2hlbWFfdmVyc2lvbiI6IjEifQ==",
          "dependencies": [
            "tls_private_key.rsa_4096"
          ]
        }
      ]
    },
    {
      "mode": "managed",
      "type": "aws_route_table",
      "name": "route-table-test-env",
      "provider": "provider[\"registry.terraform.io/hashicorp/aws\"]",
      "instances": [
        {
          "schema_version": 0,
          "attributes": {
            "arn": "arn:aws:ec2:us-east-2:017820688251:route-table/rtb-079bb85c2202f760a",
            "id": "rtb-079bb85c2202f760a",
            "owner_id": "017820688251",
            "propagating_vgws": [],
            "route": [
              {
                "carrier_gateway_id": "",
                "cidr_block": "0.0.0.0/0",
                "core_network_arn": "",
                "destination_prefix_list_id": "",
                "egress_only_gateway_id": "",
                "gateway_id": "igw-03f5cfbfe5a98621a",
                "ipv6_cidr_block": "",
                "local_gateway_id": "",
                "nat_gateway_id": "",
                "network_interface_id": "",
                "transit_gateway_id": "",
                "vpc_endpoint_id": "",
                "vpc_peering_connection_id": ""
              }
            ],
            "tags": {
              "Name": "test-env-route-table"
            },
            "tags_all": {
              "Name": "test-env-route-table"
            },
            "timeouts": null,
            "vpc_id": "vpc-0c612255937087366"
          },
          "sensitive_attributes": [],
          "private": "eyJlMmJmYjczMC1lY2FhLTExZTYtOGY4OC0zNDM2M2JjN2M0YzAiOnsiY3JlYXRlIjozMDAwMDAwMDAwMDAsImRlbGV0ZSI6MzAwMDAwMDAwMDAwLCJ1cGRhdGUiOjEyMDAwMDAwMDAwMH19",
          "dependencies": [
            "aws_internet_gateway.test-env-gw",
            "aws_vpc.test-env"
          ]
        }
      ]
    },
    {
      "mode": "managed",
      "type": "aws_route_table_association",
      "name": "subnet-association",
      "provider": "provider[\"registry.terraform.io/hashicorp/aws\"]",
      "instances": [
        {
          "schema_version": 0,
          "attributes": {
            "gateway_id": "",
            "id": "rtbassoc-09cead54d2815d28c",
            "route_table_id": "rtb-079bb85c2202f760a",
            "subnet_id": "subnet-08e933936f8f6080d",
            "timeouts": null
          },
          "sensitive_attributes": [],
          "private": "eyJlMmJmYjczMC1lY2FhLTExZTYtOGY4OC0zNDM2M2JjN2M0YzAiOnsiY3JlYXRlIjozMDAwMDAwMDAwMDAsImRlbGV0ZSI6MzAwMDAwMDAwMDAwLCJ1cGRhdGUiOjEyMDAwMDAwMDAwMH19",
          "dependencies": [
            "aws_internet_gateway.test-env-gw",
            "aws_route_table.route-table-test-env",
            "aws_subnet.subnet-uno",
            "aws_vpc.test-env"
          ]
        }
      ]
    },
    {
      "mode": "managed",
      "type": "aws_security_group",
      "name": "ingress-all-test",
      "provider": "provider[\"registry.terraform.io/hashicorp/aws\"]",
      "instances": [
        {
          "schema_version": 1,
          "attributes": {
            "arn": "arn:aws:ec2:us-east-2:017820688251:security-group/sg-0966bec62962be84f",
            "description": "Managed by Terraform",
            "egress": [
              {
                "cidr_blocks": [
                  "0.0.0.0/0"
                ],
                "description": "",
                "from_port": 0,
                "ipv6_cidr_blocks": [],
                "prefix_list_ids": [],
                "protocol": "-1",
                "security_groups": [],
                "self": false,
                "to_port": 0
              }
            ],
            "id": "sg-0966bec62962be84f",
            "ingress": [
              {
                "cidr_blocks": [
                  "0.0.0.0/0"
                ],
                "description": "",
                "from_port": 22,
                "ipv6_cidr_blocks": [],
                "prefix_list_ids": [],
                "protocol": "tcp",
                "security_groups": [],
                "self": false,
                "to_port": 22
              }
            ],
            "name": "allow-all-sg",
            "name_prefix": "",
            "owner_id": "017820688251",
            "revoke_rules_on_delete": false,
            "tags": null,
            "tags_all": {},
            "timeouts": null,
            "vpc_id": "vpc-0c612255937087366"
          },
          "sensitive_attributes": [],
          "private": "eyJlMmJmYjczMC1lY2FhLTExZTYtOGY4OC0zNDM2M2JjN2M0YzAiOnsiY3JlYXRlIjo2MDAwMDAwMDAwMDAsImRlbGV0ZSI6OTAwMDAwMDAwMDAwfSwic2NoZW1hX3ZlcnNpb24iOiIxIn0=",
          "dependencies": [
            "aws_vpc.test-env"
          ]
        }
      ]
    },
    {
      "mode": "managed",
      "type": "aws_subnet",
      "name": "subnet-uno",
      "provider": "provider[\"registry.terraform.io/hashicorp/aws\"]",
      "instances": [
        {
          "schema_version": 1,
          "attributes": {
            "arn": "arn:aws:ec2:us-east-2:017820688251:subnet/subnet-08e933936f8f6080d",
            "assign_ipv6_address_on_creation": false,
            "availability_zone": "us-east-2a",
            "availability_zone_id": "use2-az1",
            "cidr_block": "10.0.32.0/19",
            "customer_owned_ipv4_pool": "",
            "enable_dns64": false,
            "enable_lni_at_device_index": 0,
            "enable_resource_name_dns_a_record_on_launch": false,
            "enable_resource_name_dns_aaaa_record_on_launch": false,
            "id": "subnet-08e933936f8f6080d",
            "ipv6_cidr_block": "",
            "ipv6_cidr_block_association_id": "",
            "ipv6_native": false,
            "map_customer_owned_ip_on_launch": false,
            "map_public_ip_on_launch": false,
            "outpost_arn": "",
            "owner_id": "017820688251",
            "private_dns_hostname_type_on_launch": "ip-name",
            "tags": null,
            "tags_all": {},
            "timeouts": null,
            "vpc_id": "vpc-0c612255937087366"
          },
          "sensitive_attributes": [],
          "private": "eyJlMmJmYjczMC1lY2FhLTExZTYtOGY4OC0zNDM2M2JjN2M0YzAiOnsiY3JlYXRlIjo2MDAwMDAwMDAwMDAsImRlbGV0ZSI6MTIwMDAwMDAwMDAwMH0sInNjaGVtYV92ZXJzaW9uIjoiMSJ9",
          "dependencies": [
            "aws_vpc.test-env"
          ]
        }
      ]
    },
    {
      "mode": "managed",
      "type": "aws_vpc",
      "name": "test-env",
      "provider": "provider[\"registry.terraform.io/hashicorp/aws\"]",
      "instances": [
        {
          "schema_version": 1,
          "attributes": {
            "arn": "arn:aws:ec2:us-east-2:017820688251:vpc/vpc-0c612255937087366",
            "assign_generated_ipv6_cidr_block": false,
            "cidr_block": "10.0.0.0/16",
            "default_network_acl_id": "acl-03b98c893bf34187d",
            "default_route_table_id": "rtb-0437e6ec6e7995375",
            "default_security_group_id": "sg-0e0e548dd79f4a0f0",
            "dhcp_options_id": "dopt-07688149742385fb2",
            "enable_dns_hostnames": true,
            "enable_dns_support": true,
            "enable_network_address_usage_metrics": false,
            "id": "vpc-0c612255937087366",
            "instance_tenancy": "default",
            "ipv4_ipam_pool_id": null,
            "ipv4_netmask_length": null,
            "ipv6_association_id": "",
            "ipv6_cidr_block": "",
            "ipv6_cidr_block_network_border_group": "",
            "ipv6_ipam_pool_id": "",
            "ipv6_netmask_length": 0,
            "main_route_table_id": "rtb-0437e6ec6e7995375",
            "owner_id": "017820688251",
            "tags": {
              "Name": "test-env"
            },
            "tags_all": {
              "Name": "test-env"
            }
          },
          "sensitive_attributes": [],
          "private": "eyJzY2hlbWFfdmVyc2lvbiI6IjEifQ=="
        }
      ]
    },
    {
      "mode": "managed",
      "type": "local_file",
      "name": "private_key",
      "provider": "provider[\"registry.terraform.io/hashicorp/local\"]",
      "instances": [
        {
          "schema_version": 0,
          "attributes": {
            "content": "-----BEGIN RSA PRIVATE KEY-----\nMIIJKAIBAAKCAgEAv5gPCzvfKtBmdmrBxFl1UZMDbxL0B/Dv0W0XtQQNWwcHpNMK\n6CecFtk+M0nTSvOzu1MCm7qlZkwJ5WJzIN2Cq+UWFqBnWT2yJOjtkW2sKgqg1zp0\nFC+Ge+L2N7BWFi152KVTYCLbQZnqXGZwguatwSgAJHyYk6Sar6833cxbxzCQCcHZ\nGnZZTW/oSb430qUh3GYhdUuz35NFdxHbeIWcJStuNt3I/hIWIm6AfnsuMo3rsoSn\nyKRXHf6VKQBYDIwF1Gi3ZefGp8rFcqJxx4bz8UqcfDa2aQfMY6JnTSoqkbmD/tK0\nUtAjlPui68gRJqgIaSfX+OBTQP/PaiFk2vWvvWJ/nv+0vKo0k4xdsTkIYwj09nI7\nCilnRDKPZDB6ZJ8x5juXbfDs+fsb6Inzsrl8XO9OoM3HomwLwU+M8uOYgddpGTzj\n5x0mKEgC3xJrf2gQWHnDtgArqaFxpFdcGJSbwiekOYD8qMGtCtx2Rz1pFGTOEKOA\nlJ2AVWmU4gcPX68IkEklGNRndA44rikwl+shQxq6qMrorzPtQ6oM1cOUG1CiaYlL\nn1aXdic5xce7MqTuwzvVStsBnWF8CkDR7xNsUK7M7hTH3ngW6IJKK+ahB+Ig2LYL\n9c3HN+jtv/zKR/jS3Ww4S+CcwqTnjNQHRicpZXZYc/91QnhjANORrECIZzsCAwEA\nAQKCAgBQK3GIEtp0ENX/EPbZkVFM/AZA0R55wDCpYku8O+DWyR9Csehrcj+XM/oZ\n/fdC8qyvYrHBth0FrCWr7UEdbHMEOIzAlQgJyI4lca4O32ReByp8RQJTe/t7FWJP\ntSKgjxDgPXWg0ZULYzs0xMypiZsFKxa8LcKubP8pKllnHt78f26WFp4gu4rsozoA\nuW6kXuLHVZkEetPeZsJ3a2p5iPboer7YiH9VCP5oE/MCecq/7rDEd0u54kJt05xY\nlsNBJMo/sj2jj5OJnIh4Sk7v3aFvwvet5jr3wgKdYlR1boJ3jbgUxdgcmul4qr7m\niEXc9gzm63wssLlFhoUk9Ko+EPYiv8QXiWAXftaWeAahhESz5Z62ulmpFEJ5ZIAi\ncXPj5VaKmk+/2ka+KXPN3PCqM5PDKtMjMpJ2nmlzxh0+W24w5US7hNwG5pdm8KOR\nFDpQwHQwN9xAHIfIMAHdzY8KAUxrtmxGR7+OrU/uNDHRVFX6p8JBjklNpVPRj/7D\nugwK8VNOY1CSCtN5rnRDRA6aX0aGA6CSGBbg6QA+ySY0E8i/ZJvYPzFbq8bmCOwA\nxN1sC5IGex5iRdqzcQkKRPnuiIqA6OsJGr2obUxR1BpFwmslw2acIeiQ6F9gw9te\ntIFG2xhlemahbJawIHyJrifhMWLrE26aML9d8vfiI3XlgEXDkQKCAQEAySiexFBB\nKWNjhLDyh6b3AWCT3h3iN7IG010/bAnH3vvMGFOyxJnI+Tw+n3KQwpjPjxILhvUX\nz2TYC5UUoOm2odusJjgqsusyKNiUhcunGp/ipdOJiAWaDtu/LBM39eASG9FCXgt4\nn6uFIbK/BvwzbZRX2+SULGT8x3Wi4Gh9OBZbwnZeHla4S9osJ5fEluG5qTXoxvlQ\nAZ2Q0bCmc+rnokgUGWS0T0XnTLugTmxPg8dP96IJKkKRfKn2cnrmOFgHUbKfggau\nbROhjc3mD+SH89bJ9zn7mFqw3fJHunEoX7QXONHucA8arvjylmo6RyaRxO4bnQfF\nN5JFoqxx5yVaUwKCAQEA89Pk5OLrhGt1cOaLJ26LuD4+468LAXXuc7p8NHgH0uMV\nnvGZJ8OJbcVFJQWlGnwEgbNa4zM0up4PRfTbnMDYVu3qw2LbrEFs/wTvKy35V48q\nubrVHL+ZmI9AElLhKIkstdZgIS3mf21gdk7wg4Df+oft7fDvLNMaFsgHvSNQYi6n\nSaFp+fcJw90DHAa3P/a1xmhdPhM6fdT2BI2c3Da7TMnFDHxK2Bh+V1UaLfFsepNb\nDw5XaUkL4KvYxRY+S6lppBaeinn8fonj1sU8/e0uZrEMV2XlU4vKN46IHvL5VsDz\nJtyUIfpIkljRMzVzOQ8K3Gg6zEGIUlbSSuACiEGyeQKCAQEAtglPW+Iwha7OgWbL\no5yhzJpEVe3/KF2vtZid6zwSpqSAtscPcMCmUX2GQi6f96nnstYmnlOv31un8xtP\nFqtJPcIYUGHlqhITS0lrZoS8TOjBZ0U+IVzIZIfRwaYGrze9y3ScNZT17LCAAtXJ\n7x1NwO1McM6ylFYzNqEq6x9Dqfz5vsn1NElP8DyYVqAOJGhS5mDFrUIyd7PKOSg+\nCYpbYc0Oe0hZr59XyGXGlRGJB3zXzgXRe2/QTttUDZdQPU7UGMendzhqooTwXu4k\nMt+hdDU8gcD0AJSZl9BHvt3mJm1H0oCP4NKaWBsrFJk+8eJiaa78SCee/kIdSC/7\nx6xSxwKCAQAeMQevu9Vz4SZ6o2FpsYuFddets7gGJ0cud1H34UD+wPWlZ78SKGk0\n+W9VZTyLaf3Y3Y+MgIOv8/BqNiaXY12mbfFa3jvbOYK4lTDURO4SBH1C4DqRQ7xO\nIrbJTg/pSAsMPQ5MLXXUI4QFQkMP1X5mdDxm8SV8hGs/lOc4aU4DykkWmfEYbZl8\n8jn3V3GLbw4VEkkxbYoZmKwZ5jsdHX3VxUosAJv35BiI0dXbCIDpMKPe2mTCebQJ\nzt2ZkeaG0eRt2AsrlG1KceKPbn7d5mePea7Qh6J81NtmQ7ThOC7dqiixkDCbgHVK\nActtrtmkoBM1NYbKUfcCUxPZB6Hoo1HpAoIBAHC9s0j0u0XrxDBS8u/Osn2qrknI\nZigtzq5V9ZNB3/HftWzdFrKSjCcEDR+Hpla9p+pa1lRk4FI9trDIUOCnRw42pGuM\nUlPxLIcANA0mcvJziu2M4FAhwCrpcS9FhbDQyF3YGt9cZGFHiqlG0qomAldHma20\nRv6SQqWJ876IdA8YU2yFyNgyg19fD2IjKROZehCUDqJOyn0BjUBTJSKchMewWvi5\n6YXxap3akt1X8+dm+90W83NpDVDy2qTgK0EEwr56oygQpp6nQz5F8MpVg/B1YahY\nsdHxYK6dt0bPIJs+eRcgVKeoFTnIhydZB2bYMvuPC5vZII2oTIHnNh02p1g=\n-----END RSA PRIVATE KEY-----\n",
            "content_base64": null,
            "content_base64sha256": "AL+rieDqIr4E0DewDbc5rVdHGHweIwT5RVfZ38YD/t8=",
            "content_base64sha512": "Y0puBETRP1p07dVAunK3agLODhsoqOdS0eRsYjHlOcI04A6RurA9H33NVInZQqHd+tjsVN7C7oWuLjeQOM85/Q==",
            "content_md5": "1f45a142927b4d3ed389fd87e7723c29",
            "content_sha1": "0a64c35675ca35662aa28bba8ee41f7882ee07f4",
            "content_sha256": "00bfab89e0ea22be04d037b00db739ad5747187c1e2304f94557d9dfc603fedf",
            "content_sha512": "634a6e0444d13f5a74edd540ba72b76a02ce0e1b28a8e752d1e46c6231e539c234e00e91bab03d1f7dcd5489d942a1ddfad8ec54dec2ee85ae2e379038cf39fd",
            "directory_permission": "0777",
            "file_permission": "0777",
            "filename": "key_rhel_pem",
            "id": "0a64c35675ca35662aa28bba8ee41f7882ee07f4",
            "sensitive_content": null,
            "source": null
          },
          "sensitive_attributes": [
            [
              {
                "type": "get_attr",
                "value": "content"
              }
            ],
            [
              {
                "type": "get_attr",
                "value": "sensitive_content"
              }
            ]
          ],
          "dependencies": [
            "tls_private_key.rsa_4096"
          ]
        }
      ]
    },
    {
      "mode": "managed",
      "type": "tls_private_key",
      "name": "rsa_4096",
      "provider": "provider[\"registry.terraform.io/hashicorp/tls\"]",
      "instances": [
        {
          "schema_version": 1,
          "attributes": {
            "algorithm": "RSA",
            "ecdsa_curve": "P224",
            "id": "6fc2dee30058838dbcd4f201f44cd7837df677e3",
            "private_key_openssh": "-----BEGIN OPENSSH PRIVATE KEY-----\nb3BlbnNzaC1rZXktdjEAAAAABG5vbmUAAAAEbm9uZQAAAAAAAAABAAACFwAAAAdz\nc2gtcnNhAAAAAwEAAQAAAgEAv5gPCzvfKtBmdmrBxFl1UZMDbxL0B/Dv0W0XtQQN\nWwcHpNMK6CecFtk+M0nTSvOzu1MCm7qlZkwJ5WJzIN2Cq+UWFqBnWT2yJOjtkW2s\nKgqg1zp0FC+Ge+L2N7BWFi152KVTYCLbQZnqXGZwguatwSgAJHyYk6Sar6833cxb\nxzCQCcHZGnZZTW/oSb430qUh3GYhdUuz35NFdxHbeIWcJStuNt3I/hIWIm6Afnsu\nMo3rsoSnyKRXHf6VKQBYDIwF1Gi3ZefGp8rFcqJxx4bz8UqcfDa2aQfMY6JnTSoq\nkbmD/tK0UtAjlPui68gRJqgIaSfX+OBTQP/PaiFk2vWvvWJ/nv+0vKo0k4xdsTkI\nYwj09nI7CilnRDKPZDB6ZJ8x5juXbfDs+fsb6Inzsrl8XO9OoM3HomwLwU+M8uOY\ngddpGTzj5x0mKEgC3xJrf2gQWHnDtgArqaFxpFdcGJSbwiekOYD8qMGtCtx2Rz1p\nFGTOEKOAlJ2AVWmU4gcPX68IkEklGNRndA44rikwl+shQxq6qMrorzPtQ6oM1cOU\nG1CiaYlLn1aXdic5xce7MqTuwzvVStsBnWF8CkDR7xNsUK7M7hTH3ngW6IJKK+ah\nB+Ig2LYL9c3HN+jtv/zKR/jS3Ww4S+CcwqTnjNQHRicpZXZYc/91QnhjANORrECI\nZzsAAAc4W3zNoVt8zaEAAAAHc3NoLXJzYQAAAgEAv5gPCzvfKtBmdmrBxFl1UZMD\nbxL0B/Dv0W0XtQQNWwcHpNMK6CecFtk+M0nTSvOzu1MCm7qlZkwJ5WJzIN2Cq+UW\nFqBnWT2yJOjtkW2sKgqg1zp0FC+Ge+L2N7BWFi152KVTYCLbQZnqXGZwguatwSgA\nJHyYk6Sar6833cxbxzCQCcHZGnZZTW/oSb430qUh3GYhdUuz35NFdxHbeIWcJStu\nNt3I/hIWIm6AfnsuMo3rsoSnyKRXHf6VKQBYDIwF1Gi3ZefGp8rFcqJxx4bz8Uqc\nfDa2aQfMY6JnTSoqkbmD/tK0UtAjlPui68gRJqgIaSfX+OBTQP/PaiFk2vWvvWJ/\nnv+0vKo0k4xdsTkIYwj09nI7CilnRDKPZDB6ZJ8x5juXbfDs+fsb6Inzsrl8XO9O\noM3HomwLwU+M8uOYgddpGTzj5x0mKEgC3xJrf2gQWHnDtgArqaFxpFdcGJSbwiek\nOYD8qMGtCtx2Rz1pFGTOEKOAlJ2AVWmU4gcPX68IkEklGNRndA44rikwl+shQxq6\nqMrorzPtQ6oM1cOUG1CiaYlLn1aXdic5xce7MqTuwzvVStsBnWF8CkDR7xNsUK7M\n7hTH3ngW6IJKK+ahB+Ig2LYL9c3HN+jtv/zKR/jS3Ww4S+CcwqTnjNQHRicpZXZY\nc/91QnhjANORrECIZzsAAAADAQABAAACAFArcYgS2nQQ1f8Q9tmRUUz8BkDRHnnA\nMKliS7w74NbJH0Kx6GtyP5cz+hn990LyrK9iscG2HQWsJavtQR1scwQ4jMCVCAnI\njiVxrg7fZF4HKnxFAlN7+3sVYk+1IqCPEOA9daDRlQtjOzTEzKmJmwUrFrwtwq5s\n/ykqWWce3vx/bpYWniC7iuyjOgC5bqRe4sdVmQR6095mwndranmI9uh6vtiIf1UI\n/mgT8wJ5yr/usMR3S7niQm3TnFiWw0Ekyj+yPaOPk4mciHhKTu/doW/C963mOvfC\nAp1iVHVugneNuBTF2Bya6XiqvuaIRdz2DObrfCywuUWGhST0qj4Q9iK/xBeJYBd+\n1pZ4BqGERLPlnra6WakUQnlkgCJxc+PlVoqaT7/aRr4pc83c8Kozk8Mq0yMyknae\naXPGHT5bbjDlRLuE3Abml2bwo5EUOlDAdDA33EAch8gwAd3NjwoBTGu2bEZHv46t\nT+40MdFUVfqnwkGOSU2lU9GP/sO6DArxU05jUJIK03mudENEDppfRoYDoJIYFuDp\nAD7JJjQTyL9km9g/MVurxuYI7ADE3WwLkgZ7HmJF2rNxCQpE+e6IioDo6wkavaht\nTFHUGkXCayXDZpwh6JDoX2DD2160gUbbGGV6ZqFslrAgfImuJ+ExYusTbpowv13y\n9+IjdeWARcORAAABAHC9s0j0u0XrxDBS8u/Osn2qrknIZigtzq5V9ZNB3/HftWzd\nFrKSjCcEDR+Hpla9p+pa1lRk4FI9trDIUOCnRw42pGuMUlPxLIcANA0mcvJziu2M\n4FAhwCrpcS9FhbDQyF3YGt9cZGFHiqlG0qomAldHma20Rv6SQqWJ876IdA8YU2yF\nyNgyg19fD2IjKROZehCUDqJOyn0BjUBTJSKchMewWvi56YXxap3akt1X8+dm+90W\n83NpDVDy2qTgK0EEwr56oygQpp6nQz5F8MpVg/B1YahYsdHxYK6dt0bPIJs+eRcg\nVKeoFTnIhydZB2bYMvuPC5vZII2oTIHnNh02p1gAAAEBAMkonsRQQSljY4Sw8oem\n9wFgk94d4jeyBtNdP2wJx977zBhTssSZyPk8Pp9ykMKYz48SC4b1F89k2AuVFKDp\ntqHbrCY4KrLrMijYlIXLpxqf4qXTiYgFmg7bvywTN/XgEhvRQl4LeJ+rhSGyvwb8\nM22UV9vklCxk/Md1ouBofTgWW8J2Xh5WuEvaLCeXxJbhuak16Mb5UAGdkNGwpnPq\n56JIFBlktE9F50y7oE5sT4PHT/eiCSpCkXyp9nJ65jhYB1Gyn4IGrm0ToY3N5g/k\nh/PWyfc5+5hasN3yR7pxKF+0FzjR7nAPGq748pZqOkcmkcTuG50HxTeSRaKscecl\nWlMAAAEBAPPT5OTi64RrdXDmiydui7g+PuOvCwF17nO6fDR4B9LjFZ7xmSfDiW3F\nRSUFpRp8BIGzWuMzNLqeD0X025zA2Fbt6sNi26xBbP8E7yst+VePKrm61Ry/mZiP\nQBJS4SiJLLXWYCEt5n9tYHZO8IOA3/qH7e3w7yzTGhbIB70jUGIup0mhafn3CcPd\nAxwGtz/2tcZoXT4TOn3U9gSNnNw2u0zJxQx8StgYfldVGi3xbHqTWw8OV2lJC+Cr\n2MUWPkupaaQWnop5/H6J49bFPP3tLmaxDFdl5VOLyjeOiB7y+VbA8ybclCH6SJJY\n0TM1czkPCtxoOsxBiFJW0krgAohBsnkAAAAAAQID\n-----END OPENSSH PRIVATE KEY-----\n",
            "private_key_pem": "-----BEGIN RSA PRIVATE KEY-----\nMIIJKAIBAAKCAgEAv5gPCzvfKtBmdmrBxFl1UZMDbxL0B/Dv0W0XtQQNWwcHpNMK\n6CecFtk+M0nTSvOzu1MCm7qlZkwJ5WJzIN2Cq+UWFqBnWT2yJOjtkW2sKgqg1zp0\nFC+Ge+L2N7BWFi152KVTYCLbQZnqXGZwguatwSgAJHyYk6Sar6833cxbxzCQCcHZ\nGnZZTW/oSb430qUh3GYhdUuz35NFdxHbeIWcJStuNt3I/hIWIm6AfnsuMo3rsoSn\nyKRXHf6VKQBYDIwF1Gi3ZefGp8rFcqJxx4bz8UqcfDa2aQfMY6JnTSoqkbmD/tK0\nUtAjlPui68gRJqgIaSfX+OBTQP/PaiFk2vWvvWJ/nv+0vKo0k4xdsTkIYwj09nI7\nCilnRDKPZDB6ZJ8x5juXbfDs+fsb6Inzsrl8XO9OoM3HomwLwU+M8uOYgddpGTzj\n5x0mKEgC3xJrf2gQWHnDtgArqaFxpFdcGJSbwiekOYD8qMGtCtx2Rz1pFGTOEKOA\nlJ2AVWmU4gcPX68IkEklGNRndA44rikwl+shQxq6qMrorzPtQ6oM1cOUG1CiaYlL\nn1aXdic5xce7MqTuwzvVStsBnWF8CkDR7xNsUK7M7hTH3ngW6IJKK+ahB+Ig2LYL\n9c3HN+jtv/zKR/jS3Ww4S+CcwqTnjNQHRicpZXZYc/91QnhjANORrECIZzsCAwEA\nAQKCAgBQK3GIEtp0ENX/EPbZkVFM/AZA0R55wDCpYku8O+DWyR9Csehrcj+XM/oZ\n/fdC8qyvYrHBth0FrCWr7UEdbHMEOIzAlQgJyI4lca4O32ReByp8RQJTe/t7FWJP\ntSKgjxDgPXWg0ZULYzs0xMypiZsFKxa8LcKubP8pKllnHt78f26WFp4gu4rsozoA\nuW6kXuLHVZkEetPeZsJ3a2p5iPboer7YiH9VCP5oE/MCecq/7rDEd0u54kJt05xY\nlsNBJMo/sj2jj5OJnIh4Sk7v3aFvwvet5jr3wgKdYlR1boJ3jbgUxdgcmul4qr7m\niEXc9gzm63wssLlFhoUk9Ko+EPYiv8QXiWAXftaWeAahhESz5Z62ulmpFEJ5ZIAi\ncXPj5VaKmk+/2ka+KXPN3PCqM5PDKtMjMpJ2nmlzxh0+W24w5US7hNwG5pdm8KOR\nFDpQwHQwN9xAHIfIMAHdzY8KAUxrtmxGR7+OrU/uNDHRVFX6p8JBjklNpVPRj/7D\nugwK8VNOY1CSCtN5rnRDRA6aX0aGA6CSGBbg6QA+ySY0E8i/ZJvYPzFbq8bmCOwA\nxN1sC5IGex5iRdqzcQkKRPnuiIqA6OsJGr2obUxR1BpFwmslw2acIeiQ6F9gw9te\ntIFG2xhlemahbJawIHyJrifhMWLrE26aML9d8vfiI3XlgEXDkQKCAQEAySiexFBB\nKWNjhLDyh6b3AWCT3h3iN7IG010/bAnH3vvMGFOyxJnI+Tw+n3KQwpjPjxILhvUX\nz2TYC5UUoOm2odusJjgqsusyKNiUhcunGp/ipdOJiAWaDtu/LBM39eASG9FCXgt4\nn6uFIbK/BvwzbZRX2+SULGT8x3Wi4Gh9OBZbwnZeHla4S9osJ5fEluG5qTXoxvlQ\nAZ2Q0bCmc+rnokgUGWS0T0XnTLugTmxPg8dP96IJKkKRfKn2cnrmOFgHUbKfggau\nbROhjc3mD+SH89bJ9zn7mFqw3fJHunEoX7QXONHucA8arvjylmo6RyaRxO4bnQfF\nN5JFoqxx5yVaUwKCAQEA89Pk5OLrhGt1cOaLJ26LuD4+468LAXXuc7p8NHgH0uMV\nnvGZJ8OJbcVFJQWlGnwEgbNa4zM0up4PRfTbnMDYVu3qw2LbrEFs/wTvKy35V48q\nubrVHL+ZmI9AElLhKIkstdZgIS3mf21gdk7wg4Df+oft7fDvLNMaFsgHvSNQYi6n\nSaFp+fcJw90DHAa3P/a1xmhdPhM6fdT2BI2c3Da7TMnFDHxK2Bh+V1UaLfFsepNb\nDw5XaUkL4KvYxRY+S6lppBaeinn8fonj1sU8/e0uZrEMV2XlU4vKN46IHvL5VsDz\nJtyUIfpIkljRMzVzOQ8K3Gg6zEGIUlbSSuACiEGyeQKCAQEAtglPW+Iwha7OgWbL\no5yhzJpEVe3/KF2vtZid6zwSpqSAtscPcMCmUX2GQi6f96nnstYmnlOv31un8xtP\nFqtJPcIYUGHlqhITS0lrZoS8TOjBZ0U+IVzIZIfRwaYGrze9y3ScNZT17LCAAtXJ\n7x1NwO1McM6ylFYzNqEq6x9Dqfz5vsn1NElP8DyYVqAOJGhS5mDFrUIyd7PKOSg+\nCYpbYc0Oe0hZr59XyGXGlRGJB3zXzgXRe2/QTttUDZdQPU7UGMendzhqooTwXu4k\nMt+hdDU8gcD0AJSZl9BHvt3mJm1H0oCP4NKaWBsrFJk+8eJiaa78SCee/kIdSC/7\nx6xSxwKCAQAeMQevu9Vz4SZ6o2FpsYuFddets7gGJ0cud1H34UD+wPWlZ78SKGk0\n+W9VZTyLaf3Y3Y+MgIOv8/BqNiaXY12mbfFa3jvbOYK4lTDURO4SBH1C4DqRQ7xO\nIrbJTg/pSAsMPQ5MLXXUI4QFQkMP1X5mdDxm8SV8hGs/lOc4aU4DykkWmfEYbZl8\n8jn3V3GLbw4VEkkxbYoZmKwZ5jsdHX3VxUosAJv35BiI0dXbCIDpMKPe2mTCebQJ\nzt2ZkeaG0eRt2AsrlG1KceKPbn7d5mePea7Qh6J81NtmQ7ThOC7dqiixkDCbgHVK\nActtrtmkoBM1NYbKUfcCUxPZB6Hoo1HpAoIBAHC9s0j0u0XrxDBS8u/Osn2qrknI\nZigtzq5V9ZNB3/HftWzdFrKSjCcEDR+Hpla9p+pa1lRk4FI9trDIUOCnRw42pGuM\nUlPxLIcANA0mcvJziu2M4FAhwCrpcS9FhbDQyF3YGt9cZGFHiqlG0qomAldHma20\nRv6SQqWJ876IdA8YU2yFyNgyg19fD2IjKROZehCUDqJOyn0BjUBTJSKchMewWvi5\n6YXxap3akt1X8+dm+90W83NpDVDy2qTgK0EEwr56oygQpp6nQz5F8MpVg/B1YahY\nsdHxYK6dt0bPIJs+eRcgVKeoFTnIhydZB2bYMvuPC5vZII2oTIHnNh02p1g=\n-----END RSA PRIVATE KEY-----\n",
            "private_key_pem_pkcs8": "-----BEGIN PRIVATE KEY-----\nMIIJQgIBADANBgkqhkiG9w0BAQEFAASCCSwwggkoAgEAAoICAQC/mA8LO98q0GZ2\nasHEWXVRkwNvEvQH8O/RbRe1BA1bBwek0wroJ5wW2T4zSdNK87O7UwKbuqVmTAnl\nYnMg3YKr5RYWoGdZPbIk6O2RbawqCqDXOnQUL4Z74vY3sFYWLXnYpVNgIttBmepc\nZnCC5q3BKAAkfJiTpJqvrzfdzFvHMJAJwdkadllNb+hJvjfSpSHcZiF1S7Pfk0V3\nEdt4hZwlK2423cj+EhYiboB+ey4yjeuyhKfIpFcd/pUpAFgMjAXUaLdl58anysVy\nonHHhvPxSpx8NrZpB8xjomdNKiqRuYP+0rRS0COU+6LryBEmqAhpJ9f44FNA/89q\nIWTa9a+9Yn+e/7S8qjSTjF2xOQhjCPT2cjsKKWdEMo9kMHpknzHmO5dt8Oz5+xvo\nifOyuXxc706gzceibAvBT4zy45iB12kZPOPnHSYoSALfEmt/aBBYecO2ACupoXGk\nV1wYlJvCJ6Q5gPyowa0K3HZHPWkUZM4Qo4CUnYBVaZTiBw9frwiQSSUY1Gd0Djiu\nKTCX6yFDGrqoyuivM+1DqgzVw5QbUKJpiUufVpd2JznFx7sypO7DO9VK2wGdYXwK\nQNHvE2xQrszuFMfeeBbogkor5qEH4iDYtgv1zcc36O2//MpH+NLdbDhL4JzCpOeM\n1AdGJylldlhz/3VCeGMA05GsQIhnOwIDAQABAoICAFArcYgS2nQQ1f8Q9tmRUUz8\nBkDRHnnAMKliS7w74NbJH0Kx6GtyP5cz+hn990LyrK9iscG2HQWsJavtQR1scwQ4\njMCVCAnIjiVxrg7fZF4HKnxFAlN7+3sVYk+1IqCPEOA9daDRlQtjOzTEzKmJmwUr\nFrwtwq5s/ykqWWce3vx/bpYWniC7iuyjOgC5bqRe4sdVmQR6095mwndranmI9uh6\nvtiIf1UI/mgT8wJ5yr/usMR3S7niQm3TnFiWw0Ekyj+yPaOPk4mciHhKTu/doW/C\n963mOvfCAp1iVHVugneNuBTF2Bya6XiqvuaIRdz2DObrfCywuUWGhST0qj4Q9iK/\nxBeJYBd+1pZ4BqGERLPlnra6WakUQnlkgCJxc+PlVoqaT7/aRr4pc83c8Kozk8Mq\n0yMyknaeaXPGHT5bbjDlRLuE3Abml2bwo5EUOlDAdDA33EAch8gwAd3NjwoBTGu2\nbEZHv46tT+40MdFUVfqnwkGOSU2lU9GP/sO6DArxU05jUJIK03mudENEDppfRoYD\noJIYFuDpAD7JJjQTyL9km9g/MVurxuYI7ADE3WwLkgZ7HmJF2rNxCQpE+e6IioDo\n6wkavahtTFHUGkXCayXDZpwh6JDoX2DD2160gUbbGGV6ZqFslrAgfImuJ+ExYusT\nbpowv13y9+IjdeWARcORAoIBAQDJKJ7EUEEpY2OEsPKHpvcBYJPeHeI3sgbTXT9s\nCcfe+8wYU7LEmcj5PD6fcpDCmM+PEguG9RfPZNgLlRSg6bah26wmOCqy6zIo2JSF\ny6can+Kl04mIBZoO278sEzf14BIb0UJeC3ifq4Uhsr8G/DNtlFfb5JQsZPzHdaLg\naH04FlvCdl4eVrhL2iwnl8SW4bmpNejG+VABnZDRsKZz6ueiSBQZZLRPRedMu6BO\nbE+Dx0/3ogkqQpF8qfZyeuY4WAdRsp+CBq5tE6GNzeYP5Ifz1sn3OfuYWrDd8ke6\ncShftBc40e5wDxqu+PKWajpHJpHE7hudB8U3kkWirHHnJVpTAoIBAQDz0+Tk4uuE\na3Vw5osnbou4Pj7jrwsBde5zunw0eAfS4xWe8Zknw4ltxUUlBaUafASBs1rjMzS6\nng9F9NucwNhW7erDYtusQWz/BO8rLflXjyq5utUcv5mYj0ASUuEoiSy11mAhLeZ/\nbWB2TvCDgN/6h+3t8O8s0xoWyAe9I1BiLqdJoWn59wnD3QMcBrc/9rXGaF0+Ezp9\n1PYEjZzcNrtMycUMfErYGH5XVRot8Wx6k1sPDldpSQvgq9jFFj5LqWmkFp6Kefx+\niePWxTz97S5msQxXZeVTi8o3joge8vlWwPMm3JQh+kiSWNEzNXM5DwrcaDrMQYhS\nVtJK4AKIQbJ5AoIBAQC2CU9b4jCFrs6BZsujnKHMmkRV7f8oXa+1mJ3rPBKmpIC2\nxw9wwKZRfYZCLp/3qeey1iaeU6/fW6fzG08Wq0k9whhQYeWqEhNLSWtmhLxM6MFn\nRT4hXMhkh9HBpgavN73LdJw1lPXssIAC1cnvHU3A7UxwzrKUVjM2oSrrH0Op/Pm+\nyfU0SU/wPJhWoA4kaFLmYMWtQjJ3s8o5KD4JilthzQ57SFmvn1fIZcaVEYkHfNfO\nBdF7b9BO21QNl1A9TtQYx6d3OGqihPBe7iQy36F0NTyBwPQAlJmX0Ee+3eYmbUfS\ngI/g0ppYGysUmT7x4mJprvxIJ57+Qh1IL/vHrFLHAoIBAB4xB6+71XPhJnqjYWmx\ni4V1162zuAYnRy53UffhQP7A9aVnvxIoaTT5b1VlPItp/djdj4yAg6/z8Go2Jpdj\nXaZt8VreO9s5griVMNRE7hIEfULgOpFDvE4itslOD+lICww9DkwtddQjhAVCQw/V\nfmZ0PGbxJXyEaz+U5zhpTgPKSRaZ8RhtmXzyOfdXcYtvDhUSSTFtihmYrBnmOx0d\nfdXFSiwAm/fkGIjR1dsIgOkwo97aZMJ5tAnO3ZmR5obR5G3YCyuUbUpx4o9uft3m\nZ495rtCHonzU22ZDtOE4Lt2qKLGQMJuAdUoBy22u2aSgEzU1hspR9wJTE9kHoeij\nUekCggEAcL2zSPS7RevEMFLy786yfaquSchmKC3OrlX1k0Hf8d+1bN0WspKMJwQN\nH4emVr2n6lrWVGTgUj22sMhQ4KdHDjaka4xSU/EshwA0DSZy8nOK7YzgUCHAKulx\nL0WFsNDIXdga31xkYUeKqUbSqiYCV0eZrbRG/pJCpYnzvoh0DxhTbIXI2DKDX18P\nYiMpE5l6EJQOok7KfQGNQFMlIpyEx7Ba+LnphfFqndqS3Vfz52b73Rbzc2kNUPLa\npOArQQTCvnqjKBCmnqdDPkXwylWD8HVhqFix0fFgrp23Rs8gmz55FyBUp6gVOciH\nJ1kHZtgy+48Lm9kgjahMgec2HTanWA==\n-----END PRIVATE KEY-----\n",
            "public_key_fingerprint_md5": "3a:80:69:74:bd:bf:1f:ee:93:51:a3:5c:b1:95:6f:f1",
            "public_key_fingerprint_sha256": "SHA256:pzxgojVXJWMt8QtxqyM+QRZz5svovUW9JMlbAzaa9Yc",
            "public_key_openssh": "ssh-rsa AAAAB3NzaC1yc2EAAAADAQABAAACAQC/mA8LO98q0GZ2asHEWXVRkwNvEvQH8O/RbRe1BA1bBwek0wroJ5wW2T4zSdNK87O7UwKbuqVmTAnlYnMg3YKr5RYWoGdZPbIk6O2RbawqCqDXOnQUL4Z74vY3sFYWLXnYpVNgIttBmepcZnCC5q3BKAAkfJiTpJqvrzfdzFvHMJAJwdkadllNb+hJvjfSpSHcZiF1S7Pfk0V3Edt4hZwlK2423cj+EhYiboB+ey4yjeuyhKfIpFcd/pUpAFgMjAXUaLdl58anysVyonHHhvPxSpx8NrZpB8xjomdNKiqRuYP+0rRS0COU+6LryBEmqAhpJ9f44FNA/89qIWTa9a+9Yn+e/7S8qjSTjF2xOQhjCPT2cjsKKWdEMo9kMHpknzHmO5dt8Oz5+xvoifOyuXxc706gzceibAvBT4zy45iB12kZPOPnHSYoSALfEmt/aBBYecO2ACupoXGkV1wYlJvCJ6Q5gPyowa0K3HZHPWkUZM4Qo4CUnYBVaZTiBw9frwiQSSUY1Gd0DjiuKTCX6yFDGrqoyuivM+1DqgzVw5QbUKJpiUufVpd2JznFx7sypO7DO9VK2wGdYXwKQNHvE2xQrszuFMfeeBbogkor5qEH4iDYtgv1zcc36O2//MpH+NLdbDhL4JzCpOeM1AdGJylldlhz/3VCeGMA05GsQIhnOw==\n",
            "public_key_pem": "-----BEGIN PUBLIC KEY-----\nMIICIjANBgkqhkiG9w0BAQEFAAOCAg8AMIICCgKCAgEAv5gPCzvfKtBmdmrBxFl1\nUZMDbxL0B/Dv0W0XtQQNWwcHpNMK6CecFtk+M0nTSvOzu1MCm7qlZkwJ5WJzIN2C\nq+UWFqBnWT2yJOjtkW2sKgqg1zp0FC+Ge+L2N7BWFi152KVTYCLbQZnqXGZwguat\nwSgAJHyYk6Sar6833cxbxzCQCcHZGnZZTW/oSb430qUh3GYhdUuz35NFdxHbeIWc\nJStuNt3I/hIWIm6AfnsuMo3rsoSnyKRXHf6VKQBYDIwF1Gi3ZefGp8rFcqJxx4bz\n8UqcfDa2aQfMY6JnTSoqkbmD/tK0UtAjlPui68gRJqgIaSfX+OBTQP/PaiFk2vWv\nvWJ/nv+0vKo0k4xdsTkIYwj09nI7CilnRDKPZDB6ZJ8x5juXbfDs+fsb6Inzsrl8\nXO9OoM3HomwLwU+M8uOYgddpGTzj5x0mKEgC3xJrf2gQWHnDtgArqaFxpFdcGJSb\nwiekOYD8qMGtCtx2Rz1pFGTOEKOAlJ2AVWmU4gcPX68IkEklGNRndA44rikwl+sh\nQxq6qMrorzPtQ6oM1cOUG1CiaYlLn1aXdic5xce7MqTuwzvVStsBnWF8CkDR7xNs\nUK7M7hTH3ngW6IJKK+ahB+Ig2LYL9c3HN+jtv/zKR/jS3Ww4S+CcwqTnjNQHRicp\nZXZYc/91QnhjANORrECIZzsCAwEAAQ==\n-----END PUBLIC KEY-----\n",
            "rsa_bits": 4096
          },
          "sensitive_attributes": [
            [
              {
                "type": "get_attr",
                "value": "private_key_openssh"
              }
            ],
            [
              {
                "type": "get_attr",
                "value": "private_key_pem_pkcs8"
              }
            ],
            [
              {
                "type": "get_attr",
                "value": "private_key_pem"
              }
            ]
          ]
        }
      ]
    }
  ],
  "check_results": null
}
